{
  "name": "raymarcher",
  "version": "1.0.0",
  "lockfileVersion": 1,
  "requires": true,
  "dependencies": {
    "drcircuitscanvaslibrary": {
      "version": "1.3.6",
      "resolved": "https://registry.npmjs.org/drcircuitscanvaslibrary/-/drcircuitscanvaslibrary-1.3.6.tgz",
      "integrity": "sha512-01oktt9+C6AKGLMERh6Ra1eYWRoZrBYQPL9dsfjBkLJUjxqofxJW0v0IUTWP04/xRYsWetb+LsLzWBbluD2fFQ=="
    }
  }
}
