{
  "name": "tutorial",
  "version": "1.0.0",
  "lockfileVersion": 1,
  "requires": true,
  "dependencies": {
    "drcircuitscanvaslibrary": {
      "version": "1.3.7",
      "resolved": "https://registry.npmjs.org/drcircuitscanvaslibrary/-/drcircuitscanvaslibrary-1.3.7.tgz",
      "integrity": "sha512-WgXf3iwipijTDFTCzuP0HL1hmJNYqTeCL8Z/K2PC+jHh5TSjRL7zFaiKBCGSVYQqWIZuRfVjaEAmnM+nZF3TAQ=="
    }
  }
}
